
Microsoft Visual Studio Solution File, Format Version 12.00
# Visual Studio Version 17
VisualStudioVersion = 17.11.35222.181
MinimumVisualStudioVersion = 10.0.40219.1
Project("{888888A0-9F3D-457C-B088-3A5042F75D52}") = "2048Game", "2048Game\2048Game.pyproj", "{5EA29C99-1925-4526-BB57-54145A87E07A}"
EndProject
Global
	GlobalSection(SolutionConfigurationPlatforms) = preSolution
		Debug|Any CPU = Debug|Any CPU
		Release|Any CPU = Release|Any CPU
	EndGlobalSection
	GlobalSection(ProjectConfigurationPlatforms) = postSolution
		{5EA29C99-1925-4526-BB57-54145A87E07A}.Debug|Any CPU.ActiveCfg = Debug|Any CPU
		{5EA29C99-1925-4526-BB57-54145A87E07A}.Release|Any CPU.ActiveCfg = Release|Any CPU
	EndGlobalSection
	GlobalSection(SolutionProperties) = preSolution
		HideSolutionNode = FALSE
	EndGlobalSection
	GlobalSection(ExtensibilityGlobals) = postSolution
		SolutionGuid = {5F4C82DB-AFC4-4038-8A53-5F1A3B007B15}
	EndGlobalSection
EndGlobal
